// !$*UTF8*$!
{
	archiveVersion = 1;
	classes = {
	};
	objectVersion = 56;
	objects = {

/* Begin PBXBuildFile section */
		CE0E4CA32BD9796E00310E8D /* BuzzicApp.swift in Sources */ = {isa = PBXBuildFile; fileRef = CE0E4CA22BD9796E00310E8D /* BuzzicApp.swift */; };
		CE0E4CA72BD9796F00310E8D /* Assets.xcassets in Resources */ = {isa = PBXBuildFile; fileRef = CE0E4CA62BD9796F00310E8D /* Assets.xcassets */; };
		CE0E4CAA2BD9796F00310E8D /* Preview Assets.xcassets in Resources */ = {isa = PBXBuildFile; fileRef = CE0E4CA92BD9796F00310E8D /* Preview Assets.xcassets */; };
		CE0E4CB12BD97E6300310E8D /* StartPage.swift in Sources */ = {isa = PBXBuildFile; fileRef = CE0E4CB02BD97E6300310E8D /* StartPage.swift */; };
		CE2E814E2BDACBD4006E36E1 /* Buttons.swift in Sources */ = {isa = PBXBuildFile; fileRef = CE2E814D2BDACBD4006E36E1 /* Buttons.swift */; };
		CE2E81502BDAE47A006E36E1 /* ContentView.swift in Sources */ = {isa = PBXBuildFile; fileRef = CE2E814F2BDAE47A006E36E1 /* ContentView.swift */; };
		CE2E81522BDAE579006E36E1 /* SearchPage.swift in Sources */ = {isa = PBXBuildFile; fileRef = CE2E81512BDAE579006E36E1 /* SearchPage.swift */; };
		CE2E81542BDAE65F006E36E1 /* ComunityPage.swift in Sources */ = {isa = PBXBuildFile; fileRef = CE2E81532BDAE65F006E36E1 /* ComunityPage.swift */; };
		CE2E81562BDAE66D006E36E1 /* LibraryPage.swift in Sources */ = {isa = PBXBuildFile; fileRef = CE2E81552BDAE66D006E36E1 /* LibraryPage.swift */; };
/* End PBXBuildFile section */

/* Begin PBXFileReference section */
		CE0E4C9F2BD9796E00310E8D /* Buzzic.app */ = {isa = PBXFileReference; explicitFileType = wrapper.application; includeInIndex = 0; path = Buzzic.app; sourceTree = BUILT_PRODUCTS_DIR; };
		CE0E4CA22BD9796E00310E8D /* BuzzicApp.swift */ = {isa = PBXFileReference; lastKnownFileType = sourcecode.swift; path = BuzzicApp.swift; sourceTree = "<group>"; };
		CE0E4CA62BD9796F00310E8D /* Assets.xcassets */ = {isa = PBXFileReference; lastKnownFileType = folder.assetcatalog; path = Assets.xcassets; sourceTree = "<group>"; };
		CE0E4CA92BD9796F00310E8D /* Preview Assets.xcassets */ = {isa = PBXFileReference; lastKnownFileType = folder.assetcatalog; path = "Preview Assets.xcassets"; sourceTree = "<group>"; };
		CE0E4CB02BD97E6300310E8D /* StartPage.swift */ = {isa = PBXFileReference; lastKnownFileType = sourcecode.swift; path = StartPage.swift; sourceTree = "<group>"; };
		CE2E814D2BDACBD4006E36E1 /* Buttons.swift */ = {isa = PBXFileReference; lastKnownFileType = sourcecode.swift; path = Buttons.swift; sourceTree = "<group>"; };
		CE2E814F2BDAE47A006E36E1 /* ContentView.swift */ = {isa = PBXFileReference; lastKnownFileType = sourcecode.swift; path = ContentView.swift; sourceTree = "<group>"; };
		CE2E81512BDAE579006E36E1 /* SearchPage.swift */ = {isa = PBXFileReference; lastKnownFileType = sourcecode.swift; path = SearchPage.swift; sourceTree = "<group>"; };
		CE2E81532BDAE65F006E36E1 /* ComunityPage.swift */ = {isa = PBXFileReference; lastKnownFileType = sourcecode.swift; path = ComunityPage.swift; sourceTree = "<group>"; };
		CE2E81552BDAE66D006E36E1 /* LibraryPage.swift */ = {isa = PBXFileReference; lastKnownFileType = sourcecode.swift; path = LibraryPage.swift; sourceTree = "<group>"; };
/* End PBXFileReference section */

/* Begin PBXFrameworksBuildPhase section */
		CE0E4C9C2BD9796E00310E8D /* Frameworks */ = {
			isa = PBXFrameworksBuildPhase;
			buildActionMask = 2147483647;
			files = (
			);
			runOnlyForDeploymentPostprocessing = 0;
		};
/* End PBXFrameworksBuildPhase section */

/* Begin PBXGroup section */
		CE0E4C962BD9796E00310E8D = {
			isa = PBXGroup;
			children = (
				CE0E4CA12BD9796E00310E8D /* Buzzic */,
				CE0E4CA02BD9796E00310E8D /* Products */,
			);
			sourceTree = "<group>";
		};
		CE0E4CA02BD9796E00310E8D /* Products */ = {
			isa = PBXGroup;
			children = (
				CE0E4C9F2BD9796E00310E8D /* Buzzic.app */,
			);
			name = Products;
			sourceTree = "<group>";
		};
		CE0E4CA12BD9796E00310E8D /* Buzzic */ = {
			isa = PBXGroup;
			children = (
				CE2E814F2BDAE47A006E36E1 /* ContentView.swift */,
				CE0E4CD52BD996C500310E8D /* Views */,
				CE0E4CD22BD995AB00310E8D /* TabBar */,
				CE0E4CA22BD9796E00310E8D /* BuzzicApp.swift */,
				CE2E814D2BDACBD4006E36E1 /* Buttons.swift */,
				CE0E4CA62BD9796F00310E8D /* Assets.xcassets */,
				CE0E4CA82BD9796F00310E8D /* Preview Content */,
			);
			path = Buzzic;
			sourceTree = "<group>";
		};
		CE0E4CA82BD9796F00310E8D /* Preview Content */ = {
			isa = PBXGroup;
			children = (
				CE0E4CA92BD9796F00310E8D /* Preview Assets.xcassets */,
			);
			path = "Preview Content";
			sourceTree = "<group>";
		};
		CE0E4CD22BD995AB00310E8D /* TabBar */ = {
			isa = PBXGroup;
			children = (
			);
			path = TabBar;
			sourceTree = "<group>";
		};
		CE0E4CD52BD996C500310E8D /* Views */ = {
			isa = PBXGroup;
			children = (
				CE0E4CB02BD97E6300310E8D /* StartPage.swift */,
				CE2E81512BDAE579006E36E1 /* SearchPage.swift */,
				CE2E81532BDAE65F006E36E1 /* ComunityPage.swift */,
				CE2E81552BDAE66D006E36E1 /* LibraryPage.swift */,
			);
			path = Views;
			sourceTree = "<group>";
		};
/* End PBXGroup section */

/* Begin PBXNativeTarget section */
		CE0E4C9E2BD9796E00310E8D /* Buzzic */ = {
			isa = PBXNativeTarget;
			buildConfigurationList = CE0E4CAD2BD9796F00310E8D /* Build configuration list for PBXNativeTarget "Buzzic" */;
			buildPhases = (
				CE0E4C9B2BD9796E00310E8D /* Sources */,
				CE0E4C9C2BD9796E00310E8D /* Frameworks */,
				CE0E4C9D2BD9796E00310E8D /* Resources */,
			);
			buildRules = (
			);
			dependencies = (
			);
			name = Buzzic;
			productName = Buzzic;
			productReference = CE0E4C9F2BD9796E00310E8D /* Buzzic.app */;
			productType = "com.apple.product-type.application";
		};
/* End PBXNativeTarget section */

/* Begin PBXProject section */
		CE0E4C972BD9796E00310E8D /* Project object */ = {
			isa = PBXProject;
			attributes = {
				BuildIndependentTargetsInParallel = 1;
				LastSwiftUpdateCheck = 1520;
				LastUpgradeCheck = 1520;
				TargetAttributes = {
					CE0E4C9E2BD9796E00310E8D = {
						CreatedOnToolsVersion = 15.2;
					};
				};
			};
			buildConfigurationList = CE0E4C9A2BD9796E00310E8D /* Build configuration list for PBXProject "Buzzic" */;
			compatibilityVersion = "Xcode 14.0";
			developmentRegion = en;
			hasScannedForEncodings = 0;
			knownRegions = (
				en,
				Base,
			);
			mainGroup = CE0E4C962BD9796E00310E8D;
			productRefGroup = CE0E4CA02BD9796E00310E8D /* Products */;
			projectDirPath = "";
			projectRoot = "";
			targets = (
				CE0E4C9E2BD9796E00310E8D /* Buzzic */,
			);
		};
/* End PBXProject section */

/* Begin PBXResourcesBuildPhase section */
		CE0E4C9D2BD9796E00310E8D /* Resources */ = {
			isa = PBXResourcesBuildPhase;
			buildActionMask = 2147483647;
			files = (
				CE0E4CAA2BD9796F00310E8D /* Preview Assets.xcassets in Resources */,
				CE0E4CA72BD9796F00310E8D /* Assets.xcassets in Resources */,
			);
			runOnlyForDeploymentPostprocessing = 0;
		};
/* End PBXResourcesBuildPhase section */

/* Begin PBXSourcesBuildPhase section */
		CE0E4C9B2BD9796E00310E8D /* Sources */ = {
			isa = PBXSourcesBuildPhase;
			buildActionMask = 2147483647;
			files = (
				CE2E81542BDAE65F006E36E1 /* ComunityPage.swift in Sources */,
				CE2E814E2BDACBD4006E36E1 /* Buttons.swift in Sources */,
				CE0E4CB12BD97E6300310E8D /* StartPage.swift in Sources */,
				CE2E81502BDAE47A006E36E1 /* ContentView.swift in Sources */,
				CE0E4CA32BD9796E00310E8D /* BuzzicApp.swift in Sources */,
				CE2E81562BDAE66D006E36E1 /* LibraryPage.swift in Sources */,
				CE2E81522BDAE579006E36E1 /* SearchPage.swift in Sources */,
			);
			runOnlyForDeploymentPostprocessing = 0;
		};
/* End PBXSourcesBuildPhase section */

/* Begin XCBuildConfiguration section */
		CE0E4CAB2BD9796F00310E8D /* Debug */ = {
			isa = XCBuildConfiguration;
			buildSettings = {
				ALWAYS_SEARCH_USER_PATHS = NO;
				ASSETCATALOG_COMPILER_GENERATE_SWIFT_ASSET_SYMBOL_EXTENSIONS = YES;
				CLANG_ANALYZER_NONNULL = YES;
				CLANG_ANALYZER_NUMBER_OBJECT_CONVERSION = YES_AGGRESSIVE;
				CLANG_CXX_LANGUAGE_STANDARD = "gnu++20";
				CLANG_ENABLE_MODULES = YES;
				CLANG_ENABLE_OBJC_ARC = YES;
				CLANG_ENABLE_OBJC_WEAK = YES;
				CLANG_WARN_BLOCK_CAPTURE_AUTORELEASING = YES;
				CLANG_WARN_BOOL_CONVERSION = YES;
				CLANG_WARN_COMMA = YES;
				CLANG_WARN_CONSTANT_CONVERSION = YES;
				CLANG_WARN_DEPRECATED_OBJC_IMPLEMENTATIONS = YES;
				CLANG_WARN_DIRECT_OBJC_ISA_USAGE = YES_ERROR;
				CLANG_WARN_DOCUMENTATION_COMMENTS = YES;
				CLANG_WARN_EMPTY_BODY = YES;
				CLANG_WARN_ENUM_CONVERSION = YES;
				CLANG_WARN_INFINITE_RECURSION = YES;
				CLANG_WARN_INT_CONVERSION = YES;
				CLANG_WARN_NON_LITERAL_NULL_CONVERSION = YES;
				CLANG_WARN_OBJC_IMPLICIT_RETAIN_SELF = YES;
				CLANG_WARN_OBJC_LITERAL_CONVERSION = YES;
				CLANG_WARN_OBJC_ROOT_CLASS = YES_ERROR;
				CLANG_WARN_QUOTED_INCLUDE_IN_FRAMEWORK_HEADER = YES;
				CLANG_WARN_RANGE_LOOP_ANALYSIS = YES;
				CLANG_WARN_STRICT_PROTOTYPES = YES;
				CLANG_WARN_SUSPICIOUS_MOVE = YES;
				CLANG_WARN_UNGUARDED_AVAILABILITY = YES_AGGRESSIVE;
				CLANG_WARN_UNREACHABLE_CODE = YES;
				CLANG_WARN__DUPLICATE_METHOD_MATCH = YES;
				COPY_PHASE_STRIP = NO;
				DEBUG_INFORMATION_FORMAT = dwarf;
				ENABLE_STRICT_OBJC_MSGSEND = YES;
				ENABLE_TESTABILITY = YES;
				ENABLE_USER_SCRIPT_SANDBOXING = YES;
				GCC_C_LANGUAGE_STANDARD = gnu17;
				GCC_DYNAMIC_NO_PIC = NO;
				GCC_NO_COMMON_BLOCKS = YES;
				GCC_OPTIMIZATION_LEVEL = 0;
				GCC_PREPROCESSOR_DEFINITIONS = (
					"DEBUG=1",
					"$(inherited)",
				);
				GCC_WARN_64_TO_32_BIT_CONVERSION = YES;
				GCC_WARN_ABOUT_RETURN_TYPE = YES_ERROR;
				GCC_WARN_UNDECLARED_SELECTOR = YES;
				GCC_WARN_UNINITIALIZED_AUTOS = YES_AGGRESSIVE;
				GCC_WARN_UNUSED_FUNCTION = YES;
				GCC_WARN_UNUSED_VARIABLE = YES;
				IPHONEOS_DEPLOYMENT_TARGET = 17.2;
				LOCALIZATION_PREFERS_STRING_CATALOGS = YES;
				MTL_ENABLE_DEBUG_INFO = INCLUDE_SOURCE;
				MTL_FAST_MATH = YES;
				ONLY_ACTIVE_ARCH = YES;
				SDKROOT = iphoneos;
				SWIFT_ACTIVE_COMPILATION_CONDITIONS = "DEBUG $(inherited)";
				SWIFT_OPTIMIZATION_LEVEL = "-Onone";
			};
			name = Debug;
		};
		CE0E4CAC2BD9796F00310E8D /* Release */ = {
			isa = XCBuildConfiguration;
			buildSettings = {
				ALWAYS_SEARCH_USER_PATHS = NO;
				ASSETCATALOG_COMPILER_GENERATE_SWIFT_ASSET_SYMBOL_EXTENSIONS = YES;
				CLANG_ANALYZER_NONNULL = YES;
				CLANG_ANALYZER_NUMBER_OBJECT_CONVERSION = YES_AGGRESSIVE;
				CLANG_CXX_LANGUAGE_STANDARD = "gnu++20";
				CLANG_ENABLE_MODULES = YES;
				CLANG_ENABLE_OBJC_ARC = YES;
				CLANG_ENABLE_OBJC_WEAK = YES;
				CLANG_WARN_BLOCK_CAPTURE_AUTORELEASING = YES;
				CLANG_WARN_BOOL_CONVERSION = YES;
				CLANG_WARN_COMMA = YES;
				CLANG_WARN_CONSTANT_CONVERSION = YES;
				CLANG_WARN_DEPRECATED_OBJC_IMPLEMENTATIONS = YES;
				CLANG_WARN_DIRECT_OBJC_ISA_USAGE = YES_ERROR;
				CLANG_WARN_DOCUMENTATION_COMMENTS = YES;
				CLANG_WARN_EMPTY_BODY = YES;
				CLANG_WARN_ENUM_CONVERSION = YES;
				CLANG_WARN_INFINITE_RECURSION = YES;
				CLANG_WARN_INT_CONVERSION = YES;
				CLANG_WARN_NON_LITERAL_NULL_CONVERSION = YES;
				CLANG_WARN_OBJC_IMPLICIT_RETAIN_SELF = YES;
				CLANG_WARN_OBJC_LITERAL_CONVERSION = YES;
				CLANG_WARN_OBJC_ROOT_CLASS = YES_ERROR;
				CLANG_WARN_QUOTED_INCLUDE_IN_FRAMEWORK_HEADER = YES;
				CLANG_WARN_RANGE_LOOP_ANALYSIS = YES;
				CLANG_WARN_STRICT_PROTOTYPES = YES;
				CLANG_WARN_SUSPICIOUS_MOVE = YES;
				CLANG_WARN_UNGUARDED_AVAILABILITY = YES_AGGRESSIVE;
				CLANG_WARN_UNREACHABLE_CODE = YES;
				CLANG_WARN__DUPLICATE_METHOD_MATCH = YES;
				COPY_PHASE_STRIP = NO;
				DEBUG_INFORMATION_FORMAT = "dwarf-with-dsym";
				ENABLE_NS_ASSERTIONS = NO;
				ENABLE_STRICT_OBJC_MSGSEND = YES;
				ENABLE_USER_SCRIPT_SANDBOXING = YES;
				GCC_C_LANGUAGE_STANDARD = gnu17;
				GCC_NO_COMMON_BLOCKS = YES;
				GCC_WARN_64_TO_32_BIT_CONVERSION = YES;
				GCC_WARN_ABOUT_RETURN_TYPE = YES_ERROR;
				GCC_WARN_UNDECLARED_SELECTOR = YES;
				GCC_WARN_UNINITIALIZED_AUTOS = YES_AGGRESSIVE;
				GCC_WARN_UNUSED_FUNCTION = YES;
				GCC_WARN_UNUSED_VARIABLE = YES;
				IPHONEOS_DEPLOYMENT_TARGET = 17.2;
				LOCALIZATION_PREFERS_STRING_CATALOGS = YES;
				MTL_ENABLE_DEBUG_INFO = NO;
				MTL_FAST_MATH = YES;
				SDKROOT = iphoneos;
				SWIFT_COMPILATION_MODE = wholemodule;
				VALIDATE_PRODUCT = YES;
			};
			name = Release;
		};
		CE0E4CAE2BD9796F00310E8D /* Debug */ = {
			isa = XCBuildConfiguration;
			buildSettings = {
				ASSETCATALOG_COMPILER_APPICON_NAME = AppIcon;
				ASSETCATALOG_COMPILER_GLOBAL_ACCENT_COLOR_NAME = AccentColor;
				CODE_SIGN_STYLE = Automatic;
				CURRENT_PROJECT_VERSION = 1;
				DEVELOPMENT_ASSET_PATHS = "\"Buzzic/Preview Content\"";
				ENABLE_PREVIEWS = YES;
				GENERATE_INFOPLIST_FILE = YES;
				INFOPLIST_KEY_UIApplicationSceneManifest_Generation = YES;
				INFOPLIST_KEY_UIApplicationSupportsIndirectInputEvents = YES;
				INFOPLIST_KEY_UILaunchScreen_Generation = YES;
				INFOPLIST_KEY_UISupportedInterfaceOrientations_iPad = "UIInterfaceOrientationPortrait UIInterfaceOrientationPortraitUpsideDown UIInterfaceOrientationLandscapeLeft UIInterfaceOrientationLandscapeRight";
				INFOPLIST_KEY_UISupportedInterfaceOrientations_iPhone = "UIInterfaceOrientationPortrait UIInterfaceOrientationLandscapeLeft UIInterfaceOrientationLandscapeRight";
				LD_RUNPATH_SEARCH_PATHS = (
					"$(inherited)",
					"@executable_path/Frameworks",
				);
				MARKETING_VERSION = 1.0;
				PRODUCT_BUNDLE_IDENTIFIER = IFCE.Buzzic;
				PRODUCT_NAME = "$(TARGET_NAME)";
				SWIFT_EMIT_LOC_STRINGS = YES;
				SWIFT_VERSION = 5.0;
				TARGETED_DEVICE_FAMILY = "1,2";
			};
			name = Debug;
		};
		CE0E4CAF2BD9796F00310E8D /* Release */ = {
			isa = XCBuildConfiguration;
			buildSettings = {
				ASSETCATALOG_COMPILER_APPICON_NAME = AppIcon;
				ASSETCATALOG_COMPILER_GLOBAL_ACCENT_COLOR_NAME = AccentColor;
				CODE_SIGN_STYLE = Automatic;
				CURRENT_PROJECT_VERSION = 1;
				DEVELOPMENT_ASSET_PATHS = "\"Buzzic/Preview Content\"";
				ENABLE_PREVIEWS = YES;
				GENERATE_INFOPLIST_FILE = YES;
				INFOPLIST_KEY_UIApplicationSceneManifest_Generation = YES;
				INFOPLIST_KEY_UIApplicationSupportsIndirectInputEvents = YES;
				INFOPLIST_KEY_UILaunchScreen_Generation = YES;
				INFOPLIST_KEY_UISupportedInterfaceOrientations_iPad = "UIInterfaceOrientationPortrait UIInterfaceOrientationPortraitUpsideDown UIInterfaceOrientationLandscapeLeft UIInterfaceOrientationLandscapeRight";
				INFOPLIST_KEY_UISupportedInterfaceOrientations_iPhone = "UIInterfaceOrientationPortrait UIInterfaceOrientationLandscapeLeft UIInterfaceOrientationLandscapeRight";
				LD_RUNPATH_SEARCH_PATHS = (
					"$(inherited)",
					"@executable_path/Frameworks",
				);
				MARKETING_VERSION = 1.0;
				PRODUCT_BUNDLE_IDENTIFIER = IFCE.Buzzic;
				PRODUCT_NAME = "$(TARGET_NAME)";
				SWIFT_EMIT_LOC_STRINGS = YES;
				SWIFT_VERSION = 5.0;
				TARGETED_DEVICE_FAMILY = "1,2";
			};
			name = Release;
		};
/* End XCBuildConfiguration section */

/* Begin XCConfigurationList section */
		CE0E4C9A2BD9796E00310E8D /* Build configuration list for PBXProject "Buzzic" */ = {
			isa = XCConfigurationList;
			buildConfigurations = (
				CE0E4CAB2BD9796F00310E8D /* Debug */,
				CE0E4CAC2BD9796F00310E8D /* Release */,
			);
			defaultConfigurationIsVisible = 0;
			defaultConfigurationName = Release;
		};
		CE0E4CAD2BD9796F00310E8D /* Build configuration list for PBXNativeTarget "Buzzic" */ = {
			isa = XCConfigurationList;
			buildConfigurations = (
				CE0E4CAE2BD9796F00310E8D /* Debug */,
				CE0E4CAF2BD9796F00310E8D /* Release */,
			);
			defaultConfigurationIsVisible = 0;
			defaultConfigurationName = Release;
		};
/* End XCConfigurationList section */
	};
	rootObject = CE0E4C972BD9796E00310E8D /* Project object */;
}
